// !$*UTF8*$!
{
	archiveVersion = 1;
	classes = {
	};
	objectVersion = 46;
	objects = {

/* Begin PBXBuildFile section */
		84004E65180DF24800C831E3 /* mqttitudeCoreData.m in Sources */ = {isa = PBXBuildFile; fileRef = 84004E64180DF24800C831E3 /* mqttitudeCoreData.m */; };
		8414726A17C9E5F900F76EAB /* Connection.m in Sources */ = {isa = PBXBuildFile; fileRef = 8414726917C9E5F900F76EAB /* Connection.m */; };
		8440549517F4EFF300455E26 /* CoreData.framework in Frameworks */ = {isa = PBXBuildFile; fileRef = 8440549417F4EFF300455E26 /* CoreData.framework */; };
		8451CB6F184CE2AA00DAD3F4 /* Location.m in Sources */ = {isa = PBXBuildFile; fileRef = 8451CB6E184CE2AA00DAD3F4 /* Location.m */; };
		84540E3617D33ACA0088DF92 /* Settings.bundle in Resources */ = {isa = PBXBuildFile; fileRef = 84540E3517D33ACA0088DF92 /* Settings.bundle */; };
		846597CB17F78DD900BEA7A8 /* CoreDataTableViewController.m in Sources */ = {isa = PBXBuildFile; fileRef = 846597CA17F78DD900BEA7A8 /* CoreDataTableViewController.m */; };
		846597D417F78E7100BEA7A8 /* mqttitudeFriendTVC.m in Sources */ = {isa = PBXBuildFile; fileRef = 846597D317F78E7100BEA7A8 /* mqttitudeFriendTVC.m */; };
		846597D717F78E8600BEA7A8 /* mqttitudeLocationTVC.m in Sources */ = {isa = PBXBuildFile; fileRef = 846597D617F78E8600BEA7A8 /* mqttitudeLocationTVC.m */; };
		8484687A17FD785D0012FC18 /* connection.png in Resources */ = {isa = PBXBuildFile; fileRef = 8484685617FD785D0012FC18 /* connection.png */; };
		8484687B17FD785D0012FC18 /* FriendsOn.png in Resources */ = {isa = PBXBuildFile; fileRef = 8484685717FD785D0012FC18 /* FriendsOn.png */; };
		8484687C17FD785D0012FC18 /* FriendsOn@2x.png in Resources */ = {isa = PBXBuildFile; fileRef = 8484685817FD785D0012FC18 /* FriendsOn@2x.png */; };
		8484687D17FD785D0012FC18 /* HybridOn.png in Resources */ = {isa = PBXBuildFile; fileRef = 8484685917FD785D0012FC18 /* HybridOn.png */; };
		8484687E17FD785D0012FC18 /* HybridOn@2x.png in Resources */ = {isa = PBXBuildFile; fileRef = 8484685A17FD785D0012FC18 /* HybridOn@2x.png */; };
		8484688717FD785D0012FC18 /* iTunesArtwork in Resources */ = {isa = PBXBuildFile; fileRef = 8484686317FD785D0012FC18 /* iTunesArtwork */; };
		8484688817FD785D0012FC18 /* iTunesArtwork.png in Resources */ = {isa = PBXBuildFile; fileRef = 8484686417FD785D0012FC18 /* iTunesArtwork.png */; };
		8484688917FD785D0012FC18 /* iTunesArtwork@2x in Resources */ = {isa = PBXBuildFile; fileRef = 8484686517FD785D0012FC18 /* iTunesArtwork@2x */; };
		8484688A17FD785D0012FC18 /* iTunesArtwork@2x.png in Resources */ = {isa = PBXBuildFile; fileRef = 8484686617FD785D0012FC18 /* iTunesArtwork@2x.png */; };
		8484688B17FD785D0012FC18 /* Location.gpx in Resources */ = {isa = PBXBuildFile; fileRef = 8484686717FD785D0012FC18 /* Location.gpx */; };
		8484688C17FD785D0012FC18 /* LocationOff.png in Resources */ = {isa = PBXBuildFile; fileRef = 8484686817FD785D0012FC18 /* LocationOff.png */; };
		8484688D17FD785D0012FC18 /* LocationOff@2x.png in Resources */ = {isa = PBXBuildFile; fileRef = 8484686917FD785D0012FC18 /* LocationOff@2x.png */; };
		8484688E17FD785D0012FC18 /* LocationOn.png in Resources */ = {isa = PBXBuildFile; fileRef = 8484686A17FD785D0012FC18 /* LocationOn.png */; };
		8484688F17FD785D0012FC18 /* LocationOn@2x.png in Resources */ = {isa = PBXBuildFile; fileRef = 8484686B17FD785D0012FC18 /* LocationOn@2x.png */; };
		8484689017FD785D0012FC18 /* move.png in Resources */ = {isa = PBXBuildFile; fileRef = 8484686C17FD785D0012FC18 /* move.png */; };
		8484689117FD785D0012FC18 /* Move@2x.png in Resources */ = {isa = PBXBuildFile; fileRef = 8484686D17FD785D0012FC18 /* Move@2x.png */; };
		8484689217FD785D0012FC18 /* Pin.png in Resources */ = {isa = PBXBuildFile; fileRef = 8484686E17FD785D0012FC18 /* Pin.png */; };
		8484689317FD785D0012FC18 /* Pin@2x.png in Resources */ = {isa = PBXBuildFile; fileRef = 8484686F17FD785D0012FC18 /* Pin@2x.png */; };
		8484689417FD785D0012FC18 /* SatelliteOff.png in Resources */ = {isa = PBXBuildFile; fileRef = 8484687017FD785D0012FC18 /* SatelliteOff.png */; };
		8484689517FD785D0012FC18 /* SatelliteOff@2x.png in Resources */ = {isa = PBXBuildFile; fileRef = 8484687117FD785D0012FC18 /* SatelliteOff@2x.png */; };
		8484689617FD785D0012FC18 /* SatelliteOn.png in Resources */ = {isa = PBXBuildFile; fileRef = 8484687217FD785D0012FC18 /* SatelliteOn.png */; };
		8484689717FD785D0012FC18 /* SatelliteOn@2x.png in Resources */ = {isa = PBXBuildFile; fileRef = 8484687317FD785D0012FC18 /* SatelliteOn@2x.png */; };
		8484689817FD785D0012FC18 /* UserTrackingFollow.png in Resources */ = {isa = PBXBuildFile; fileRef = 8484687417FD785D0012FC18 /* UserTrackingFollow.png */; };
		8484689917FD785D0012FC18 /* UserTrackingFollow@2x.png in Resources */ = {isa = PBXBuildFile; fileRef = 8484687517FD785D0012FC18 /* UserTrackingFollow@2x.png */; };
		8484689A17FD785D0012FC18 /* UserTrackingFollowWithHeading.png in Resources */ = {isa = PBXBuildFile; fileRef = 8484687617FD785D0012FC18 /* UserTrackingFollowWithHeading.png */; };
		8484689B17FD785D0012FC18 /* UserTrackingFollowWithHeading@2x.png in Resources */ = {isa = PBXBuildFile; fileRef = 8484687717FD785D0012FC18 /* UserTrackingFollowWithHeading@2x.png */; };
		8484689C17FD785D0012FC18 /* UserTrackingNone.png in Resources */ = {isa = PBXBuildFile; fileRef = 8484687817FD785D0012FC18 /* UserTrackingNone.png */; };
		8484689D17FD785D0012FC18 /* UserTrackingNone@2x.png in Resources */ = {isa = PBXBuildFile; fileRef = 8484687917FD785D0012FC18 /* UserTrackingNone@2x.png */; };
		848468AD17FD7A100012FC18 /* Friend+Create.m in Sources */ = {isa = PBXBuildFile; fileRef = 848468A017FD7A100012FC18 /* Friend+Create.m */; };
		848468AF17FD7A100012FC18 /* Location+Create.m in Sources */ = {isa = PBXBuildFile; fileRef = 848468A417FD7A100012FC18 /* Location+Create.m */; };
		848468B117FD7A100012FC18 /* MQTTitude.xcdatamodeld in Sources */ = {isa = PBXBuildFile; fileRef = 848468A717FD7A100012FC18 /* MQTTitude.xcdatamodeld */; };
		848468B217FD7A100012FC18 /* Publication+Create.m in Sources */ = {isa = PBXBuildFile; fileRef = 848468AA17FD7A100012FC18 /* Publication+Create.m */; };
		848468B317FD7A100012FC18 /* Publication.m in Sources */ = {isa = PBXBuildFile; fileRef = 848468AC17FD7A100012FC18 /* Publication.m */; };
		848468B717FD7A3F0012FC18 /* Default-568h@2x.png in Resources */ = {isa = PBXBuildFile; fileRef = 848468B417FD7A3F0012FC18 /* Default-568h@2x.png */; };
		848468B817FD7A3F0012FC18 /* Default.png in Resources */ = {isa = PBXBuildFile; fileRef = 848468B517FD7A3F0012FC18 /* Default.png */; };
		848468B917FD7A3F0012FC18 /* Default@2x.png in Resources */ = {isa = PBXBuildFile; fileRef = 848468B617FD7A3F0012FC18 /* Default@2x.png */; };
		848468C517FD7A740012FC18 /* MQTTDecoder.m in Sources */ = {isa = PBXBuildFile; fileRef = 848468BC17FD7A740012FC18 /* MQTTDecoder.m */; };
		848468C617FD7A740012FC18 /* MQTTEncoder.m in Sources */ = {isa = PBXBuildFile; fileRef = 848468BE17FD7A740012FC18 /* MQTTEncoder.m */; };
		848468C717FD7A740012FC18 /* MQTTMessage.m in Sources */ = {isa = PBXBuildFile; fileRef = 848468C017FD7A740012FC18 /* MQTTMessage.m */; };
		848468C817FD7A740012FC18 /* MQTTSession.m in Sources */ = {isa = PBXBuildFile; fileRef = 848468C217FD7A740012FC18 /* MQTTSession.m */; };
		848468C917FD7A740012FC18 /* MQttTxFlow.m in Sources */ = {isa = PBXBuildFile; fileRef = 848468C417FD7A740012FC18 /* MQttTxFlow.m */; };
		848A036917E47ADC00152C26 /* AddressBook.framework in Frameworks */ = {isa = PBXBuildFile; fileRef = 848A036817E47ADC00152C26 /* AddressBook.framework */; };
		848A036B17E4841500152C26 /* AddressBookUI.framework in Frameworks */ = {isa = PBXBuildFile; fileRef = 848A036A17E4841500152C26 /* AddressBookUI.framework */; };
		848A037117E5BB9D00152C26 /* mqttitudeFriendAnnotationView.m in Sources */ = {isa = PBXBuildFile; fileRef = 848A037017E5BB9D00152C26 /* mqttitudeFriendAnnotationView.m */; };
		848D74C71817053100E93B84 /* icon_mqtc_ipad64.png in Resources */ = {isa = PBXBuildFile; fileRef = 848D74C41817053100E93B84 /* icon_mqtc_ipad64.png */; };
		848D74C81817053100E93B84 /* icon_mqtc_iphone.png in Resources */ = {isa = PBXBuildFile; fileRef = 848D74C51817053100E93B84 /* icon_mqtc_iphone.png */; };
		848D74C91817053100E93B84 /* icon_mqtc_iphone@2x.png in Resources */ = {isa = PBXBuildFile; fileRef = 848D74C61817053100E93B84 /* icon_mqtc_iphone@2x.png */; };
		84B0F7FF181FA97F00590276 /* mqttitudePersonTVC.m in Sources */ = {isa = PBXBuildFile; fileRef = 84B0F7FE181FA97F00590276 /* mqttitudePersonTVC.m */; };
		84B7B91117FB11AD0014049E /* mqttitudeEditLocationTVC.m in Sources */ = {isa = PBXBuildFile; fileRef = 84B7B91017FB11AD0014049E /* mqttitudeEditLocationTVC.m */; };
		84BDE19117C7B11000C47B65 /* mqttitudeAppDelegate.m in Sources */ = {isa = PBXBuildFile; fileRef = 84BDE18617C7B11000C47B65 /* mqttitudeAppDelegate.m */; };
		84BDE19617C7B11000C47B65 /* mqttitudeViewController.m in Sources */ = {isa = PBXBuildFile; fileRef = 84BDE19017C7B11000C47B65 /* mqttitudeViewController.m */; };
		84C50F4217E04B7D00726FD5 /* mqttitudeStatusTVC.m in Sources */ = {isa = PBXBuildFile; fileRef = 84C50F4117E04B7D00726FD5 /* mqttitudeStatusTVC.m */; };
		84CDE36D1810454800717359 /* Friend.m in Sources */ = {isa = PBXBuildFile; fileRef = 84CDE36C1810454800717359 /* Friend.m */; };
		84CF9A0917BEED5B00E1333C /* UIKit.framework in Frameworks */ = {isa = PBXBuildFile; fileRef = 84CF9A0817BEED5B00E1333C /* UIKit.framework */; };
		84CF9A0B17BEED5B00E1333C /* Foundation.framework in Frameworks */ = {isa = PBXBuildFile; fileRef = 84CF9A0A17BEED5B00E1333C /* Foundation.framework */; };
		84CF9A0D17BEED5B00E1333C /* CoreGraphics.framework in Frameworks */ = {isa = PBXBuildFile; fileRef = 84CF9A0C17BEED5B00E1333C /* CoreGraphics.framework */; };
		84CF9A1517BEED5B00E1333C /* main.m in Sources */ = {isa = PBXBuildFile; fileRef = 84CF9A1417BEED5B00E1333C /* main.m */; };
		84CF9A5017BEF43D00E1333C /* CFNetwork.framework in Frameworks */ = {isa = PBXBuildFile; fileRef = 84CF9A4F17BEF43D00E1333C /* CFNetwork.framework */; };
		84CF9A5217BEF44F00E1333C /* MapKit.framework in Frameworks */ = {isa = PBXBuildFile; fileRef = 84CF9A5117BEF44F00E1333C /* MapKit.framework */; };
		84CF9A5417BEF45800E1333C /* CoreLocation.framework in Frameworks */ = {isa = PBXBuildFile; fileRef = 84CF9A5317BEF45700E1333C /* CoreLocation.framework */; };
		84D4D111181995E200C23EFC /* icon_mqtc_ipad320.png in Resources */ = {isa = PBXBuildFile; fileRef = 84D4D110181995E200C23EFC /* icon_mqtc_ipad320.png */; };
		84D75588183FFD8A002613E2 /* Images.xcassets in Resources */ = {isa = PBXBuildFile; fileRef = 84D75587183FFD8A002613E2 /* Images.xcassets */; };
		84F93C0117C027F60060E809 /* MainStoryboard_iPhone.storyboard in Resources */ = {isa = PBXBuildFile; fileRef = 84F93C0317C027F60060E809 /* MainStoryboard_iPhone.storyboard */; };
/* End PBXBuildFile section */

/* Begin PBXFileReference section */
		84004E63180DF24800C831E3 /* mqttitudeCoreData.h */ = {isa = PBXFileReference; fileEncoding = 4; lastKnownFileType = sourcecode.c.h; path = mqttitudeCoreData.h; sourceTree = "<group>"; };
		84004E64180DF24800C831E3 /* mqttitudeCoreData.m */ = {isa = PBXFileReference; fileEncoding = 4; lastKnownFileType = sourcecode.c.objc; path = mqttitudeCoreData.m; sourceTree = "<group>"; };
		8414726817C9E5F900F76EAB /* Connection.h */ = {isa = PBXFileReference; fileEncoding = 4; lastKnownFileType = sourcecode.c.h; path = Connection.h; sourceTree = "<group>"; };
		8414726917C9E5F900F76EAB /* Connection.m */ = {isa = PBXFileReference; fileEncoding = 4; lastKnownFileType = sourcecode.c.objc; path = Connection.m; sourceTree = "<group>"; };
		841D891C184B9057009498E6 /* MQTTitude 5.3.xcdatamodel */ = {isa = PBXFileReference; lastKnownFileType = wrapper.xcdatamodel; path = "MQTTitude 5.3.xcdatamodel"; sourceTree = "<group>"; };
		8421367A1807F730000E8C24 /* MQTTitude 4.3.xcdatamodel */ = {isa = PBXFileReference; lastKnownFileType = wrapper.xcdatamodel; path = "MQTTitude 4.3.xcdatamodel"; sourceTree = "<group>"; };
		8440549417F4EFF300455E26 /* CoreData.framework */ = {isa = PBXFileReference; lastKnownFileType = wrapper.framework; name = CoreData.framework; path = System/Library/Frameworks/CoreData.framework; sourceTree = SDKROOT; };
		8451CB6C184CE28300DAD3F4 /* MQTTitude 5.3a.xcdatamodel */ = {isa = PBXFileReference; lastKnownFileType = file; path = "MQTTitude 5.3a.xcdatamodel"; sourceTree = "<group>"; };
		8451CB6D184CE2AA00DAD3F4 /* Location.h */ = {isa = PBXFileReference; fileEncoding = 4; lastKnownFileType = sourcecode.c.h; path = Location.h; sourceTree = "<group>"; };
		8451CB6E184CE2AA00DAD3F4 /* Location.m */ = {isa = PBXFileReference; fileEncoding = 4; lastKnownFileType = sourcecode.c.objc; path = Location.m; sourceTree = "<group>"; };
		84540E3517D33ACA0088DF92 /* Settings.bundle */ = {isa = PBXFileReference; lastKnownFileType = "wrapper.plug-in"; path = Settings.bundle; sourceTree = "<group>"; };
		846597C217F6631100BEA7A8 /* MQTTitude.entitlements */ = {isa = PBXFileReference; lastKnownFileType = text.xml; name = MQTTitude.entitlements; path = MQTTitude/MQTTitude.entitlements; sourceTree = "<group>"; };
		846597C917F78DD900BEA7A8 /* CoreDataTableViewController.h */ = {isa = PBXFileReference; fileEncoding = 4; lastKnownFileType = sourcecode.c.h; path = CoreDataTableViewController.h; sourceTree = "<group>"; };
		846597CA17F78DD900BEA7A8 /* CoreDataTableViewController.m */ = {isa = PBXFileReference; fileEncoding = 4; lastKnownFileType = sourcecode.c.objc; path = CoreDataTableViewController.m; sourceTree = "<group>"; };
		846597D217F78E7100BEA7A8 /* mqttitudeFriendTVC.h */ = {isa = PBXFileReference; fileEncoding = 4; lastKnownFileType = sourcecode.c.h; path = mqttitudeFriendTVC.h; sourceTree = "<group>"; };
		846597D317F78E7100BEA7A8 /* mqttitudeFriendTVC.m */ = {isa = PBXFileReference; fileEncoding = 4; lastKnownFileType = sourcecode.c.objc; path = mqttitudeFriendTVC.m; sourceTree = "<group>"; };
		846597D517F78E8600BEA7A8 /* mqttitudeLocationTVC.h */ = {isa = PBXFileReference; fileEncoding = 4; lastKnownFileType = sourcecode.c.h; path = mqttitudeLocationTVC.h; sourceTree = "<group>"; };
		846597D617F78E8600BEA7A8 /* mqttitudeLocationTVC.m */ = {isa = PBXFileReference; fileEncoding = 4; lastKnownFileType = sourcecode.c.objc; path = mqttitudeLocationTVC.m; sourceTree = "<group>"; };
		8484685617FD785D0012FC18 /* connection.png */ = {isa = PBXFileReference; lastKnownFileType = image.png; path = connection.png; sourceTree = "<group>"; };
		8484685717FD785D0012FC18 /* FriendsOn.png */ = {isa = PBXFileReference; lastKnownFileType = image.png; path = FriendsOn.png; sourceTree = "<group>"; };
		8484685817FD785D0012FC18 /* FriendsOn@2x.png */ = {isa = PBXFileReference; lastKnownFileType = image.png; path = "FriendsOn@2x.png"; sourceTree = "<group>"; };
		8484685917FD785D0012FC18 /* HybridOn.png */ = {isa = PBXFileReference; lastKnownFileType = image.png; path = HybridOn.png; sourceTree = "<group>"; };
		8484685A17FD785D0012FC18 /* HybridOn@2x.png */ = {isa = PBXFileReference; lastKnownFileType = image.png; path = "HybridOn@2x.png"; sourceTree = "<group>"; };
		8484686317FD785D0012FC18 /* iTunesArtwork */ = {isa = PBXFileReference; lastKnownFileType = file; path = iTunesArtwork; sourceTree = "<group>"; };
		8484686417FD785D0012FC18 /* iTunesArtwork.png */ = {isa = PBXFileReference; lastKnownFileType = image.png; path = iTunesArtwork.png; sourceTree = "<group>"; };
		8484686517FD785D0012FC18 /* iTunesArtwork@2x */ = {isa = PBXFileReference; lastKnownFileType = file; path = "iTunesArtwork@2x"; sourceTree = "<group>"; };
		8484686617FD785D0012FC18 /* iTunesArtwork@2x.png */ = {isa = PBXFileReference; lastKnownFileType = image.png; path = "iTunesArtwork@2x.png"; sourceTree = "<group>"; };
		8484686717FD785D0012FC18 /* Location.gpx */ = {isa = PBXFileReference; fileEncoding = 4; lastKnownFileType = text.xml; path = Location.gpx; sourceTree = "<group>"; };
		8484686817FD785D0012FC18 /* LocationOff.png */ = {isa = PBXFileReference; lastKnownFileType = image.png; path = LocationOff.png; sourceTree = "<group>"; };
		8484686917FD785D0012FC18 /* LocationOff@2x.png */ = {isa = PBXFileReference; lastKnownFileType = image.png; path = "LocationOff@2x.png"; sourceTree = "<group>"; };
		8484686A17FD785D0012FC18 /* LocationOn.png */ = {isa = PBXFileReference; lastKnownFileType = image.png; path = LocationOn.png; sourceTree = "<group>"; };
		8484686B17FD785D0012FC18 /* LocationOn@2x.png */ = {isa = PBXFileReference; lastKnownFileType = image.png; path = "LocationOn@2x.png"; sourceTree = "<group>"; };
		8484686C17FD785D0012FC18 /* move.png */ = {isa = PBXFileReference; lastKnownFileType = image.png; path = move.png; sourceTree = "<group>"; };
		8484686D17FD785D0012FC18 /* Move@2x.png */ = {isa = PBXFileReference; lastKnownFileType = image.png; path = "Move@2x.png"; sourceTree = "<group>"; };
		8484686E17FD785D0012FC18 /* Pin.png */ = {isa = PBXFileReference; lastKnownFileType = image.png; path = Pin.png; sourceTree = "<group>"; };
		8484686F17FD785D0012FC18 /* Pin@2x.png */ = {isa = PBXFileReference; lastKnownFileType = image.png; path = "Pin@2x.png"; sourceTree = "<group>"; };
		8484687017FD785D0012FC18 /* SatelliteOff.png */ = {isa = PBXFileReference; lastKnownFileType = image.png; path = SatelliteOff.png; sourceTree = "<group>"; };
		8484687117FD785D0012FC18 /* SatelliteOff@2x.png */ = {isa = PBXFileReference; lastKnownFileType = image.png; path = "SatelliteOff@2x.png"; sourceTree = "<group>"; };
		8484687217FD785D0012FC18 /* SatelliteOn.png */ = {isa = PBXFileReference; lastKnownFileType = image.png; path = SatelliteOn.png; sourceTree = "<group>"; };
		8484687317FD785D0012FC18 /* SatelliteOn@2x.png */ = {isa = PBXFileReference; lastKnownFileType = image.png; path = "SatelliteOn@2x.png"; sourceTree = "<group>"; };
		8484687417FD785D0012FC18 /* UserTrackingFollow.png */ = {isa = PBXFileReference; lastKnownFileType = image.png; path = UserTrackingFollow.png; sourceTree = "<group>"; };
		8484687517FD785D0012FC18 /* UserTrackingFollow@2x.png */ = {isa = PBXFileReference; lastKnownFileType = image.png; path = "UserTrackingFollow@2x.png"; sourceTree = "<group>"; };
		8484687617FD785D0012FC18 /* UserTrackingFollowWithHeading.png */ = {isa = PBXFileReference; lastKnownFileType = image.png; path = UserTrackingFollowWithHeading.png; sourceTree = "<group>"; };
		8484687717FD785D0012FC18 /* UserTrackingFollowWithHeading@2x.png */ = {isa = PBXFileReference; lastKnownFileType = image.png; path = "UserTrackingFollowWithHeading@2x.png"; sourceTree = "<group>"; };
		8484687817FD785D0012FC18 /* UserTrackingNone.png */ = {isa = PBXFileReference; lastKnownFileType = image.png; path = UserTrackingNone.png; sourceTree = "<group>"; };
		8484687917FD785D0012FC18 /* UserTrackingNone@2x.png */ = {isa = PBXFileReference; lastKnownFileType = image.png; path = "UserTrackingNone@2x.png"; sourceTree = "<group>"; };
		8484689F17FD7A100012FC18 /* Friend+Create.h */ = {isa = PBXFileReference; fileEncoding = 4; lastKnownFileType = sourcecode.c.h; path = "Friend+Create.h"; sourceTree = "<group>"; };
		848468A017FD7A100012FC18 /* Friend+Create.m */ = {isa = PBXFileReference; fileEncoding = 4; lastKnownFileType = sourcecode.c.objc; path = "Friend+Create.m"; sourceTree = "<group>"; };
		848468A317FD7A100012FC18 /* Location+Create.h */ = {isa = PBXFileReference; fileEncoding = 4; lastKnownFileType = sourcecode.c.h; path = "Location+Create.h"; sourceTree = "<group>"; };
		848468A417FD7A100012FC18 /* Location+Create.m */ = {isa = PBXFileReference; fileEncoding = 4; lastKnownFileType = sourcecode.c.objc; path = "Location+Create.m"; sourceTree = "<group>"; };
		848468A817FD7A100012FC18 /* MQTTitude.xcdatamodel */ = {isa = PBXFileReference; lastKnownFileType = wrapper.xcdatamodel; path = MQTTitude.xcdatamodel; sourceTree = "<group>"; };
		848468A917FD7A100012FC18 /* Publication+Create.h */ = {isa = PBXFileReference; fileEncoding = 4; lastKnownFileType = sourcecode.c.h; path = "Publication+Create.h"; sourceTree = "<group>"; };
		848468AA17FD7A100012FC18 /* Publication+Create.m */ = {isa = PBXFileReference; fileEncoding = 4; lastKnownFileType = sourcecode.c.objc; path = "Publication+Create.m"; sourceTree = "<group>"; };
		848468AB17FD7A100012FC18 /* Publication.h */ = {isa = PBXFileReference; fileEncoding = 4; lastKnownFileType = sourcecode.c.h; path = Publication.h; sourceTree = "<group>"; };
		848468AC17FD7A100012FC18 /* Publication.m */ = {isa = PBXFileReference; fileEncoding = 4; lastKnownFileType = sourcecode.c.objc; path = Publication.m; sourceTree = "<group>"; };
		848468B417FD7A3F0012FC18 /* Default-568h@2x.png */ = {isa = PBXFileReference; lastKnownFileType = image.png; path = "Default-568h@2x.png"; sourceTree = "<group>"; };
		848468B517FD7A3F0012FC18 /* Default.png */ = {isa = PBXFileReference; lastKnownFileType = image.png; path = Default.png; sourceTree = "<group>"; };
		848468B617FD7A3F0012FC18 /* Default@2x.png */ = {isa = PBXFileReference; lastKnownFileType = image.png; path = "Default@2x.png"; sourceTree = "<group>"; };
		848468BB17FD7A740012FC18 /* MQTTDecoder.h */ = {isa = PBXFileReference; fileEncoding = 4; lastKnownFileType = sourcecode.c.h; path = MQTTDecoder.h; sourceTree = "<group>"; };
		848468BC17FD7A740012FC18 /* MQTTDecoder.m */ = {isa = PBXFileReference; fileEncoding = 4; lastKnownFileType = sourcecode.c.objc; path = MQTTDecoder.m; sourceTree = "<group>"; };
		848468BD17FD7A740012FC18 /* MQTTEncoder.h */ = {isa = PBXFileReference; fileEncoding = 4; lastKnownFileType = sourcecode.c.h; path = MQTTEncoder.h; sourceTree = "<group>"; };
		848468BE17FD7A740012FC18 /* MQTTEncoder.m */ = {isa = PBXFileReference; fileEncoding = 4; lastKnownFileType = sourcecode.c.objc; path = MQTTEncoder.m; sourceTree = "<group>"; };
		848468BF17FD7A740012FC18 /* MQTTMessage.h */ = {isa = PBXFileReference; fileEncoding = 4; lastKnownFileType = sourcecode.c.h; path = MQTTMessage.h; sourceTree = "<group>"; };
		848468C017FD7A740012FC18 /* MQTTMessage.m */ = {isa = PBXFileReference; fileEncoding = 4; lastKnownFileType = sourcecode.c.objc; path = MQTTMessage.m; sourceTree = "<group>"; };
		848468C117FD7A740012FC18 /* MQTTSession.h */ = {isa = PBXFileReference; fileEncoding = 4; lastKnownFileType = sourcecode.c.h; path = MQTTSession.h; sourceTree = "<group>"; };
		848468C217FD7A740012FC18 /* MQTTSession.m */ = {isa = PBXFileReference; fileEncoding = 4; lastKnownFileType = sourcecode.c.objc; path = MQTTSession.m; sourceTree = "<group>"; };
		848468C317FD7A740012FC18 /* MQttTxFlow.h */ = {isa = PBXFileReference; fileEncoding = 4; lastKnownFileType = sourcecode.c.h; path = MQttTxFlow.h; sourceTree = "<group>"; };
		848468C417FD7A740012FC18 /* MQttTxFlow.m */ = {isa = PBXFileReference; fileEncoding = 4; lastKnownFileType = sourcecode.c.objc; path = MQttTxFlow.m; sourceTree = "<group>"; };
		848A036817E47ADC00152C26 /* AddressBook.framework */ = {isa = PBXFileReference; lastKnownFileType = wrapper.framework; name = AddressBook.framework; path = System/Library/Frameworks/AddressBook.framework; sourceTree = SDKROOT; };
		848A036A17E4841500152C26 /* AddressBookUI.framework */ = {isa = PBXFileReference; lastKnownFileType = wrapper.framework; name = AddressBookUI.framework; path = System/Library/Frameworks/AddressBookUI.framework; sourceTree = SDKROOT; };
		848A036F17E5BB9D00152C26 /* mqttitudeFriendAnnotationView.h */ = {isa = PBXFileReference; fileEncoding = 4; lastKnownFileType = sourcecode.c.h; path = mqttitudeFriendAnnotationView.h; sourceTree = "<group>"; };
		848A037017E5BB9D00152C26 /* mqttitudeFriendAnnotationView.m */ = {isa = PBXFileReference; fileEncoding = 4; lastKnownFileType = sourcecode.c.objc; path = mqttitudeFriendAnnotationView.m; sourceTree = "<group>"; };
		848D74C41817053100E93B84 /* icon_mqtc_ipad64.png */ = {isa = PBXFileReference; lastKnownFileType = image.png; path = icon_mqtc_ipad64.png; sourceTree = "<group>"; };
		848D74C51817053100E93B84 /* icon_mqtc_iphone.png */ = {isa = PBXFileReference; lastKnownFileType = image.png; path = icon_mqtc_iphone.png; sourceTree = "<group>"; };
		848D74C61817053100E93B84 /* icon_mqtc_iphone@2x.png */ = {isa = PBXFileReference; lastKnownFileType = image.png; path = "icon_mqtc_iphone@2x.png"; sourceTree = "<group>"; };
		84B0F7FD181FA97F00590276 /* mqttitudePersonTVC.h */ = {isa = PBXFileReference; fileEncoding = 4; lastKnownFileType = sourcecode.c.h; path = mqttitudePersonTVC.h; sourceTree = "<group>"; };
		84B0F7FE181FA97F00590276 /* mqttitudePersonTVC.m */ = {isa = PBXFileReference; fileEncoding = 4; lastKnownFileType = sourcecode.c.objc; path = mqttitudePersonTVC.m; sourceTree = "<group>"; };
		84B7B90F17FB11AD0014049E /* mqttitudeEditLocationTVC.h */ = {isa = PBXFileReference; fileEncoding = 4; lastKnownFileType = sourcecode.c.h; path = mqttitudeEditLocationTVC.h; sourceTree = "<group>"; };
		84B7B91017FB11AD0014049E /* mqttitudeEditLocationTVC.m */ = {isa = PBXFileReference; fileEncoding = 4; lastKnownFileType = sourcecode.c.objc; path = mqttitudeEditLocationTVC.m; sourceTree = "<group>"; };
		84BDE18517C7B11000C47B65 /* mqttitudeAppDelegate.h */ = {isa = PBXFileReference; fileEncoding = 4; lastKnownFileType = sourcecode.c.h; path = mqttitudeAppDelegate.h; sourceTree = "<group>"; };
		84BDE18617C7B11000C47B65 /* mqttitudeAppDelegate.m */ = {isa = PBXFileReference; fileEncoding = 4; lastKnownFileType = sourcecode.c.objc; path = mqttitudeAppDelegate.m; sourceTree = "<group>"; };
		84BDE18F17C7B11000C47B65 /* mqttitudeViewController.h */ = {isa = PBXFileReference; fileEncoding = 4; lastKnownFileType = sourcecode.c.h; path = mqttitudeViewController.h; sourceTree = "<group>"; };
		84BDE19017C7B11000C47B65 /* mqttitudeViewController.m */ = {isa = PBXFileReference; fileEncoding = 4; lastKnownFileType = sourcecode.c.objc; path = mqttitudeViewController.m; sourceTree = "<group>"; };
		84C50F4017E04B7D00726FD5 /* mqttitudeStatusTVC.h */ = {isa = PBXFileReference; fileEncoding = 4; lastKnownFileType = sourcecode.c.h; path = mqttitudeStatusTVC.h; sourceTree = "<group>"; };
		84C50F4117E04B7D00726FD5 /* mqttitudeStatusTVC.m */ = {isa = PBXFileReference; fileEncoding = 4; lastKnownFileType = sourcecode.c.objc; path = mqttitudeStatusTVC.m; sourceTree = "<group>"; };
		84CDE36A1810442100717359 /* MQTTitude 5.1.xcdatamodel */ = {isa = PBXFileReference; lastKnownFileType = wrapper.xcdatamodel; path = "MQTTitude 5.1.xcdatamodel"; sourceTree = "<group>"; };
		84CDE36B1810454700717359 /* Friend.h */ = {isa = PBXFileReference; fileEncoding = 4; lastKnownFileType = sourcecode.c.h; path = Friend.h; sourceTree = "<group>"; };
		84CDE36C1810454800717359 /* Friend.m */ = {isa = PBXFileReference; fileEncoding = 4; lastKnownFileType = sourcecode.c.objc; path = Friend.m; sourceTree = "<group>"; };
		84CF9A0517BEED5B00E1333C /* MQTTitude.app */ = {isa = PBXFileReference; explicitFileType = wrapper.application; includeInIndex = 0; path = MQTTitude.app; sourceTree = BUILT_PRODUCTS_DIR; };
		84CF9A0817BEED5B00E1333C /* UIKit.framework */ = {isa = PBXFileReference; lastKnownFileType = wrapper.framework; name = UIKit.framework; path = System/Library/Frameworks/UIKit.framework; sourceTree = SDKROOT; };
		84CF9A0A17BEED5B00E1333C /* Foundation.framework */ = {isa = PBXFileReference; lastKnownFileType = wrapper.framework; name = Foundation.framework; path = System/Library/Frameworks/Foundation.framework; sourceTree = SDKROOT; };
		84CF9A0C17BEED5B00E1333C /* CoreGraphics.framework */ = {isa = PBXFileReference; lastKnownFileType = wrapper.framework; name = CoreGraphics.framework; path = System/Library/Frameworks/CoreGraphics.framework; sourceTree = SDKROOT; };
		84CF9A1017BEED5B00E1333C /* mqttitude-Info.plist */ = {isa = PBXFileReference; lastKnownFileType = text.plist.xml; path = "mqttitude-Info.plist"; sourceTree = "<group>"; };
		84CF9A1417BEED5B00E1333C /* main.m */ = {isa = PBXFileReference; lastKnownFileType = sourcecode.c.objc; path = main.m; sourceTree = "<group>"; };
		84CF9A1617BEED5B00E1333C /* mqttitude-Prefix.pch */ = {isa = PBXFileReference; lastKnownFileType = sourcecode.c.h; path = "mqttitude-Prefix.pch"; sourceTree = "<group>"; };
		84CF9A4F17BEF43D00E1333C /* CFNetwork.framework */ = {isa = PBXFileReference; lastKnownFileType = wrapper.framework; name = CFNetwork.framework; path = System/Library/Frameworks/CFNetwork.framework; sourceTree = SDKROOT; };
		84CF9A5117BEF44F00E1333C /* MapKit.framework */ = {isa = PBXFileReference; lastKnownFileType = wrapper.framework; name = MapKit.framework; path = System/Library/Frameworks/MapKit.framework; sourceTree = SDKROOT; };
		84CF9A5317BEF45700E1333C /* CoreLocation.framework */ = {isa = PBXFileReference; lastKnownFileType = wrapper.framework; name = CoreLocation.framework; path = System/Library/Frameworks/CoreLocation.framework; sourceTree = SDKROOT; };
		84D4D110181995E200C23EFC /* icon_mqtc_ipad320.png */ = {isa = PBXFileReference; lastKnownFileType = image.png; path = icon_mqtc_ipad320.png; sourceTree = "<group>"; };
		84D75587183FFD8A002613E2 /* Images.xcassets */ = {isa = PBXFileReference; lastKnownFileType = folder.assetcatalog; name = Images.xcassets; path = MQTTitude/Images.xcassets; sourceTree = "<group>"; };
		84F93C0417C028690060E809 /* Base */ = {isa = PBXFileReference; lastKnownFileType = file.storyboard; name = Base; path = Base.lproj/MainStoryboard_iPhone.storyboard; sourceTree = "<group>"; };
/* End PBXFileReference section */

/* Begin PBXFrameworksBuildPhase section */
		84CF9A0217BEED5B00E1333C /* Frameworks */ = {
			isa = PBXFrameworksBuildPhase;
			buildActionMask = 2147483647;
			files = (
				8440549517F4EFF300455E26 /* CoreData.framework in Frameworks */,
				848A036B17E4841500152C26 /* AddressBookUI.framework in Frameworks */,
				848A036917E47ADC00152C26 /* AddressBook.framework in Frameworks */,
				84CF9A5417BEF45800E1333C /* CoreLocation.framework in Frameworks */,
				84CF9A5217BEF44F00E1333C /* MapKit.framework in Frameworks */,
				84CF9A5017BEF43D00E1333C /* CFNetwork.framework in Frameworks */,
				84CF9A0917BEED5B00E1333C /* UIKit.framework in Frameworks */,
				84CF9A0B17BEED5B00E1333C /* Foundation.framework in Frameworks */,
				84CF9A0D17BEED5B00E1333C /* CoreGraphics.framework in Frameworks */,
			);
			runOnlyForDeploymentPostprocessing = 0;
		};
/* End PBXFrameworksBuildPhase section */

/* Begin PBXGroup section */
		8484685517FD785D0012FC18 /* assets */ = {
			isa = PBXGroup;
			children = (
				848468B417FD7A3F0012FC18 /* Default-568h@2x.png */,
				848468B517FD7A3F0012FC18 /* Default.png */,
				848468B617FD7A3F0012FC18 /* Default@2x.png */,
				8484685617FD785D0012FC18 /* connection.png */,
				8484685717FD785D0012FC18 /* FriendsOn.png */,
				8484685817FD785D0012FC18 /* FriendsOn@2x.png */,
				8484685917FD785D0012FC18 /* HybridOn.png */,
				8484685A17FD785D0012FC18 /* HybridOn@2x.png */,
				848D74C41817053100E93B84 /* icon_mqtc_ipad64.png */,
				84D4D110181995E200C23EFC /* icon_mqtc_ipad320.png */,
				848D74C51817053100E93B84 /* icon_mqtc_iphone.png */,
				848D74C61817053100E93B84 /* icon_mqtc_iphone@2x.png */,
				8484686317FD785D0012FC18 /* iTunesArtwork */,
				8484686417FD785D0012FC18 /* iTunesArtwork.png */,
				8484686517FD785D0012FC18 /* iTunesArtwork@2x */,
				8484686617FD785D0012FC18 /* iTunesArtwork@2x.png */,
				8484686717FD785D0012FC18 /* Location.gpx */,
				8484686817FD785D0012FC18 /* LocationOff.png */,
				8484686917FD785D0012FC18 /* LocationOff@2x.png */,
				8484686A17FD785D0012FC18 /* LocationOn.png */,
				8484686B17FD785D0012FC18 /* LocationOn@2x.png */,
				8484686C17FD785D0012FC18 /* move.png */,
				8484686D17FD785D0012FC18 /* Move@2x.png */,
				8484686E17FD785D0012FC18 /* Pin.png */,
				8484686F17FD785D0012FC18 /* Pin@2x.png */,
				8484687017FD785D0012FC18 /* SatelliteOff.png */,
				8484687117FD785D0012FC18 /* SatelliteOff@2x.png */,
				8484687217FD785D0012FC18 /* SatelliteOn.png */,
				8484687317FD785D0012FC18 /* SatelliteOn@2x.png */,
				8484687417FD785D0012FC18 /* UserTrackingFollow.png */,
				8484687517FD785D0012FC18 /* UserTrackingFollow@2x.png */,
				8484687617FD785D0012FC18 /* UserTrackingFollowWithHeading.png */,
				8484687717FD785D0012FC18 /* UserTrackingFollowWithHeading@2x.png */,
				8484687817FD785D0012FC18 /* UserTrackingNone.png */,
				8484687917FD785D0012FC18 /* UserTrackingNone@2x.png */,
			);
			path = assets;
			sourceTree = "<group>";
		};
		8484689E17FD7A100012FC18 /* coredata */ = {
			isa = PBXGroup;
			children = (
				8484689F17FD7A100012FC18 /* Friend+Create.h */,
				848468A017FD7A100012FC18 /* Friend+Create.m */,
				848468A317FD7A100012FC18 /* Location+Create.h */,
				848468A417FD7A100012FC18 /* Location+Create.m */,
				84CDE36B1810454700717359 /* Friend.h */,
				84CDE36C1810454800717359 /* Friend.m */,
				8451CB6D184CE2AA00DAD3F4 /* Location.h */,
				8451CB6E184CE2AA00DAD3F4 /* Location.m */,
				848468A717FD7A100012FC18 /* MQTTitude.xcdatamodeld */,
				848468A917FD7A100012FC18 /* Publication+Create.h */,
				848468AA17FD7A100012FC18 /* Publication+Create.m */,
				848468AB17FD7A100012FC18 /* Publication.h */,
				848468AC17FD7A100012FC18 /* Publication.m */,
			);
			path = coredata;
			sourceTree = SOURCE_ROOT;
		};
		848468BA17FD7A740012FC18 /* mqtt */ = {
			isa = PBXGroup;
			children = (
				848468BB17FD7A740012FC18 /* MQTTDecoder.h */,
				848468BC17FD7A740012FC18 /* MQTTDecoder.m */,
				848468BD17FD7A740012FC18 /* MQTTEncoder.h */,
				848468BE17FD7A740012FC18 /* MQTTEncoder.m */,
				848468BF17FD7A740012FC18 /* MQTTMessage.h */,
				848468C017FD7A740012FC18 /* MQTTMessage.m */,
				848468C117FD7A740012FC18 /* MQTTSession.h */,
				848468C217FD7A740012FC18 /* MQTTSession.m */,
				848468C317FD7A740012FC18 /* MQttTxFlow.h */,
				848468C417FD7A740012FC18 /* MQttTxFlow.m */,
			);
			path = mqtt;
			sourceTree = "<group>";
		};
		84CF99FC17BEED5B00E1333C = {
			isa = PBXGroup;
			children = (
				84D75587183FFD8A002613E2 /* Images.xcassets */,
				848468BA17FD7A740012FC18 /* mqtt */,
				8484689E17FD7A100012FC18 /* coredata */,
				846597C217F6631100BEA7A8 /* MQTTitude.entitlements */,
				8484685517FD785D0012FC18 /* assets */,
				84540E3517D33ACA0088DF92 /* Settings.bundle */,
				84CF9A0E17BEED5B00E1333C /* mqttitude */,
				84CF9A0717BEED5B00E1333C /* Frameworks */,
				84CF9A0617BEED5B00E1333C /* Products */,
			);
			sourceTree = "<group>";
		};
		84CF9A0617BEED5B00E1333C /* Products */ = {
			isa = PBXGroup;
			children = (
				84CF9A0517BEED5B00E1333C /* MQTTitude.app */,
			);
			name = Products;
			sourceTree = "<group>";
		};
		84CF9A0717BEED5B00E1333C /* Frameworks */ = {
			isa = PBXGroup;
			children = (
				8440549417F4EFF300455E26 /* CoreData.framework */,
				848A036A17E4841500152C26 /* AddressBookUI.framework */,
				848A036817E47ADC00152C26 /* AddressBook.framework */,
				84CF9A5317BEF45700E1333C /* CoreLocation.framework */,
				84CF9A5117BEF44F00E1333C /* MapKit.framework */,
				84CF9A4F17BEF43D00E1333C /* CFNetwork.framework */,
				84CF9A0817BEED5B00E1333C /* UIKit.framework */,
				84CF9A0A17BEED5B00E1333C /* Foundation.framework */,
				84CF9A0C17BEED5B00E1333C /* CoreGraphics.framework */,
			);
			name = Frameworks;
			sourceTree = "<group>";
		};
		84CF9A0E17BEED5B00E1333C /* mqttitude */ = {
			isa = PBXGroup;
			children = (
				84004E63180DF24800C831E3 /* mqttitudeCoreData.h */,
				84004E64180DF24800C831E3 /* mqttitudeCoreData.m */,
				84F93C0317C027F60060E809 /* MainStoryboard_iPhone.storyboard */,
				84B0F7FD181FA97F00590276 /* mqttitudePersonTVC.h */,
				84B0F7FE181FA97F00590276 /* mqttitudePersonTVC.m */,
				846597D217F78E7100BEA7A8 /* mqttitudeFriendTVC.h */,
				846597D317F78E7100BEA7A8 /* mqttitudeFriendTVC.m */,
				846597D517F78E8600BEA7A8 /* mqttitudeLocationTVC.h */,
				846597D617F78E8600BEA7A8 /* mqttitudeLocationTVC.m */,
				84B7B90F17FB11AD0014049E /* mqttitudeEditLocationTVC.h */,
				84B7B91017FB11AD0014049E /* mqttitudeEditLocationTVC.m */,
				846597C917F78DD900BEA7A8 /* CoreDataTableViewController.h */,
				846597CA17F78DD900BEA7A8 /* CoreDataTableViewController.m */,
				84BDE18517C7B11000C47B65 /* mqttitudeAppDelegate.h */,
				84BDE18617C7B11000C47B65 /* mqttitudeAppDelegate.m */,
				8414726817C9E5F900F76EAB /* Connection.h */,
				8414726917C9E5F900F76EAB /* Connection.m */,
				84BDE18F17C7B11000C47B65 /* mqttitudeViewController.h */,
				84BDE19017C7B11000C47B65 /* mqttitudeViewController.m */,
				848A036F17E5BB9D00152C26 /* mqttitudeFriendAnnotationView.h */,
				848A037017E5BB9D00152C26 /* mqttitudeFriendAnnotationView.m */,
				84C50F4017E04B7D00726FD5 /* mqttitudeStatusTVC.h */,
				84C50F4117E04B7D00726FD5 /* mqttitudeStatusTVC.m */,
				84CF9A0F17BEED5B00E1333C /* Supporting Files */,
			);
			path = mqttitude;
			sourceTree = "<group>";
		};
		84CF9A0F17BEED5B00E1333C /* Supporting Files */ = {
			isa = PBXGroup;
			children = (
				84CF9A1017BEED5B00E1333C /* mqttitude-Info.plist */,
				84CF9A1417BEED5B00E1333C /* main.m */,
				84CF9A1617BEED5B00E1333C /* mqttitude-Prefix.pch */,
			);
			name = "Supporting Files";
			sourceTree = "<group>";
		};
/* End PBXGroup section */

/* Begin PBXNativeTarget section */
		84CF9A0417BEED5B00E1333C /* MQTTitude */ = {
			isa = PBXNativeTarget;
			buildConfigurationList = 84CF9A2B17BEED5B00E1333C /* Build configuration list for PBXNativeTarget "MQTTitude" */;
			buildPhases = (
				84CF9A0117BEED5B00E1333C /* Sources */,
				84CF9A0217BEED5B00E1333C /* Frameworks */,
				84CF9A0317BEED5B00E1333C /* Resources */,
			);
			buildRules = (
			);
			dependencies = (
			);
			name = MQTTitude;
			productName = mqttitude;
			productReference = 84CF9A0517BEED5B00E1333C /* MQTTitude.app */;
			productType = "com.apple.product-type.application";
		};
/* End PBXNativeTarget section */

/* Begin PBXProject section */
		84CF99FD17BEED5B00E1333C /* Project object */ = {
			isa = PBXProject;
			attributes = {
				CLASSPREFIX = mqttitude;
				LastUpgradeCheck = 0460;
				ORGANIZATIONNAME = "Christoph Krey";
				TargetAttributes = {
					84CF9A0417BEED5B00E1333C = {
						DevelopmentTeam = C652JFWU23;
						SystemCapabilities = {
							com.apple.Keychain = {
								enabled = 1;
							};
						};
					};
				};
			};
			buildConfigurationList = 84CF9A0017BEED5B00E1333C /* Build configuration list for PBXProject "mqttitude" */;
			compatibilityVersion = "Xcode 3.2";
			developmentRegion = English;
			hasScannedForEncodings = 0;
			knownRegions = (
				en,
				Base,
				de,
			);
			mainGroup = 84CF99FC17BEED5B00E1333C;
			productRefGroup = 84CF9A0617BEED5B00E1333C /* Products */;
			projectDirPath = "";
			projectRoot = "";
			targets = (
				84CF9A0417BEED5B00E1333C /* MQTTitude */,
			);
		};
/* End PBXProject section */

/* Begin PBXResourcesBuildPhase section */
		84CF9A0317BEED5B00E1333C /* Resources */ = {
			isa = PBXResourcesBuildPhase;
			buildActionMask = 2147483647;
			files = (
				8484688D17FD785D0012FC18 /* LocationOff@2x.png in Resources */,
				84D75588183FFD8A002613E2 /* Images.xcassets in Resources */,
				8484687C17FD785D0012FC18 /* FriendsOn@2x.png in Resources */,
				8484689017FD785D0012FC18 /* move.png in Resources */,
				848D74C71817053100E93B84 /* icon_mqtc_ipad64.png in Resources */,
				848468B717FD7A3F0012FC18 /* Default-568h@2x.png in Resources */,
				8484689517FD785D0012FC18 /* SatelliteOff@2x.png in Resources */,
				8484688817FD785D0012FC18 /* iTunesArtwork.png in Resources */,
				84F93C0117C027F60060E809 /* MainStoryboard_iPhone.storyboard in Resources */,
				8484689617FD785D0012FC18 /* SatelliteOn.png in Resources */,
				848468B917FD7A3F0012FC18 /* Default@2x.png in Resources */,
				8484689917FD785D0012FC18 /* UserTrackingFollow@2x.png in Resources */,
				8484689C17FD785D0012FC18 /* UserTrackingNone.png in Resources */,
				8484688B17FD785D0012FC18 /* Location.gpx in Resources */,
				8484688717FD785D0012FC18 /* iTunesArtwork in Resources */,
				848D74C81817053100E93B84 /* icon_mqtc_iphone.png in Resources */,
				8484688917FD785D0012FC18 /* iTunesArtwork@2x in Resources */,
				8484689A17FD785D0012FC18 /* UserTrackingFollowWithHeading.png in Resources */,
				8484688A17FD785D0012FC18 /* iTunesArtwork@2x.png in Resources */,
				8484688E17FD785D0012FC18 /* LocationOn.png in Resources */,
				8484689D17FD785D0012FC18 /* UserTrackingNone@2x.png in Resources */,
				848D74C91817053100E93B84 /* icon_mqtc_iphone@2x.png in Resources */,
				8484688F17FD785D0012FC18 /* LocationOn@2x.png in Resources */,
				8484689117FD785D0012FC18 /* Move@2x.png in Resources */,
				8484687E17FD785D0012FC18 /* HybridOn@2x.png in Resources */,
				84D4D111181995E200C23EFC /* icon_mqtc_ipad320.png in Resources */,
				8484689717FD785D0012FC18 /* SatelliteOn@2x.png in Resources */,
				8484689B17FD785D0012FC18 /* UserTrackingFollowWithHeading@2x.png in Resources */,
				8484689317FD785D0012FC18 /* Pin@2x.png in Resources */,
				8484687A17FD785D0012FC18 /* connection.png in Resources */,
				84540E3617D33ACA0088DF92 /* Settings.bundle in Resources */,
				8484688C17FD785D0012FC18 /* LocationOff.png in Resources */,
				8484689417FD785D0012FC18 /* SatelliteOff.png in Resources */,
				8484689217FD785D0012FC18 /* Pin.png in Resources */,
				8484687B17FD785D0012FC18 /* FriendsOn.png in Resources */,
				8484689817FD785D0012FC18 /* UserTrackingFollow.png in Resources */,
				8484687D17FD785D0012FC18 /* HybridOn.png in Resources */,
				848468B817FD7A3F0012FC18 /* Default.png in Resources */,
			);
			runOnlyForDeploymentPostprocessing = 0;
		};
/* End PBXResourcesBuildPhase section */

/* Begin PBXSourcesBuildPhase section */
		84CF9A0117BEED5B00E1333C /* Sources */ = {
			isa = PBXSourcesBuildPhase;
			buildActionMask = 2147483647;
			files = (
				846597D717F78E8600BEA7A8 /* mqttitudeLocationTVC.m in Sources */,
				84B7B91117FB11AD0014049E /* mqttitudeEditLocationTVC.m in Sources */,
				84CF9A1517BEED5B00E1333C /* main.m in Sources */,
				84BDE19117C7B11000C47B65 /* mqttitudeAppDelegate.m in Sources */,
				84BDE19617C7B11000C47B65 /* mqttitudeViewController.m in Sources */,
				848468AD17FD7A100012FC18 /* Friend+Create.m in Sources */,
				848468C517FD7A740012FC18 /* MQTTDecoder.m in Sources */,
				84004E65180DF24800C831E3 /* mqttitudeCoreData.m in Sources */,
				848468B317FD7A100012FC18 /* Publication.m in Sources */,
				84CDE36D1810454800717359 /* Friend.m in Sources */,
				848468C917FD7A740012FC18 /* MQttTxFlow.m in Sources */,
				848468B217FD7A100012FC18 /* Publication+Create.m in Sources */,
				84B0F7FF181FA97F00590276 /* mqttitudePersonTVC.m in Sources */,
				848468B117FD7A100012FC18 /* MQTTitude.xcdatamodeld in Sources */,
				846597D417F78E7100BEA7A8 /* mqttitudeFriendTVC.m in Sources */,
				8414726A17C9E5F900F76EAB /* Connection.m in Sources */,
				848468C817FD7A740012FC18 /* MQTTSession.m in Sources */,
				848468C717FD7A740012FC18 /* MQTTMessage.m in Sources */,
				846597CB17F78DD900BEA7A8 /* CoreDataTableViewController.m in Sources */,
				84C50F4217E04B7D00726FD5 /* mqttitudeStatusTVC.m in Sources */,
				848468C617FD7A740012FC18 /* MQTTEncoder.m in Sources */,
				848A037117E5BB9D00152C26 /* mqttitudeFriendAnnotationView.m in Sources */,
				8451CB6F184CE2AA00DAD3F4 /* Location.m in Sources */,
				848468AF17FD7A100012FC18 /* Location+Create.m in Sources */,
			);
			runOnlyForDeploymentPostprocessing = 0;
		};
/* End PBXSourcesBuildPhase section */

/* Begin PBXVariantGroup section */
		84F93C0317C027F60060E809 /* MainStoryboard_iPhone.storyboard */ = {
			isa = PBXVariantGroup;
			children = (
				84F93C0417C028690060E809 /* Base */,
			);
			name = MainStoryboard_iPhone.storyboard;
			sourceTree = "<group>";
		};
/* End PBXVariantGroup section */

/* Begin XCBuildConfiguration section */
		84CF9A2917BEED5B00E1333C /* Debug */ = {
			isa = XCBuildConfiguration;
			buildSettings = {
				ALWAYS_SEARCH_USER_PATHS = NO;
				CLANG_CXX_LANGUAGE_STANDARD = "gnu++0x";
				CLANG_CXX_LIBRARY = "libc++";
				CLANG_ENABLE_OBJC_ARC = YES;
				CLANG_WARN_CONSTANT_CONVERSION = YES;
				CLANG_WARN_EMPTY_BODY = YES;
				CLANG_WARN_ENUM_CONVERSION = YES;
				CLANG_WARN_INT_CONVERSION = YES;
				CLANG_WARN__DUPLICATE_METHOD_MATCH = YES;
				CODE_SIGN_IDENTITY = "iPhone Developer: Christoph Krey (6MKVDT4YE6)";
				COPY_PHASE_STRIP = NO;
				GCC_C_LANGUAGE_STANDARD = gnu99;
				GCC_DYNAMIC_NO_PIC = NO;
				GCC_OPTIMIZATION_LEVEL = 0;
				GCC_PREPROCESSOR_DEFINITIONS = (
					"DEBUG=1",
					"$(inherited)",
				);
				GCC_SYMBOLS_PRIVATE_EXTERN = NO;
				GCC_WARN_ABOUT_RETURN_TYPE = YES;
				GCC_WARN_UNINITIALIZED_AUTOS = YES;
				GCC_WARN_UNUSED_VARIABLE = YES;
				IPHONEOS_DEPLOYMENT_TARGET = 6.1;
				"LIBRARY_SEARCH_PATHS[arch=armv7s]" = "";
				ONLY_ACTIVE_ARCH = YES;
				SDKROOT = iphoneos;
				TARGETED_DEVICE_FAMILY = "1,2";
			};
			name = Debug;
		};
		84CF9A2A17BEED5B00E1333C /* Release */ = {
			isa = XCBuildConfiguration;
			buildSettings = {
				ALWAYS_SEARCH_USER_PATHS = NO;
				CLANG_CXX_LANGUAGE_STANDARD = "gnu++0x";
				CLANG_CXX_LIBRARY = "libc++";
				CLANG_ENABLE_OBJC_ARC = YES;
				CLANG_WARN_CONSTANT_CONVERSION = YES;
				CLANG_WARN_EMPTY_BODY = YES;
				CLANG_WARN_ENUM_CONVERSION = YES;
				CLANG_WARN_INT_CONVERSION = YES;
				CLANG_WARN__DUPLICATE_METHOD_MATCH = YES;
				CODE_SIGN_IDENTITY = "iPhone Developer: Christoph Krey (6MKVDT4YE6)";
				COPY_PHASE_STRIP = YES;
				GCC_C_LANGUAGE_STANDARD = gnu99;
				GCC_WARN_ABOUT_RETURN_TYPE = YES;
				GCC_WARN_UNINITIALIZED_AUTOS = YES;
				GCC_WARN_UNUSED_VARIABLE = YES;
				IPHONEOS_DEPLOYMENT_TARGET = 6.1;
				OTHER_CFLAGS = "-DNS_BLOCK_ASSERTIONS=1";
				SDKROOT = iphoneos;
				TARGETED_DEVICE_FAMILY = "1,2";
				VALIDATE_PRODUCT = YES;
			};
			name = Release;
		};
		84CF9A2C17BEED5B00E1333C /* Debug */ = {
			isa = XCBuildConfiguration;
			buildSettings = {
				ASSETCATALOG_COMPILER_APPICON_NAME = AppIcon;
				ASSETCATALOG_COMPILER_LAUNCHIMAGE_NAME = LaunchImage;
				CODE_SIGN_ENTITLEMENTS = MQTTitude/MQTTitude.entitlements;
				CODE_SIGN_IDENTITY = "iPhone Developer";
				"CODE_SIGN_IDENTITY[sdk=iphoneos*]" = "iPhone Developer";
				GCC_PRECOMPILE_PREFIX_HEADER = YES;
				GCC_PREFIX_HEADER = "mqttitude/mqttitude-Prefix.pch";
				INFOPLIST_FILE = "$(SRCROOT)/mqttitude/mqttitude-Info.plist";
				IPHONEOS_DEPLOYMENT_TARGET = 6.1;
				PRODUCT_NAME = "$(TARGET_NAME)";
				PROVISIONING_PROFILE = "";
				TARGETED_DEVICE_FAMILY = 1;
				WRAPPER_EXTENSION = app;
			};
			name = Debug;
		};
		84CF9A2D17BEED5B00E1333C /* Release */ = {
			isa = XCBuildConfiguration;
			buildSettings = {
				ASSETCATALOG_COMPILER_APPICON_NAME = AppIcon;
				ASSETCATALOG_COMPILER_LAUNCHIMAGE_NAME = LaunchImage;
				CODE_SIGN_ENTITLEMENTS = MQTTitude/MQTTitude.entitlements;
				CODE_SIGN_IDENTITY = "iPhone Developer";
				"CODE_SIGN_IDENTITY[sdk=iphoneos*]" = "iPhone Developer";
				GCC_PRECOMPILE_PREFIX_HEADER = YES;
				GCC_PREFIX_HEADER = "mqttitude/mqttitude-Prefix.pch";
				INFOPLIST_FILE = "$(SRCROOT)/mqttitude/mqttitude-Info.plist";
				IPHONEOS_DEPLOYMENT_TARGET = 6.1;
				PRODUCT_NAME = "$(TARGET_NAME)";
				PROVISIONING_PROFILE = "";
				TARGETED_DEVICE_FAMILY = 1;
				WRAPPER_EXTENSION = app;
			};
			name = Release;
		};
/* End XCBuildConfiguration section */

/* Begin XCConfigurationList section */
		84CF9A0017BEED5B00E1333C /* Build configuration list for PBXProject "mqttitude" */ = {
			isa = XCConfigurationList;
			buildConfigurations = (
				84CF9A2917BEED5B00E1333C /* Debug */,
				84CF9A2A17BEED5B00E1333C /* Release */,
			);
			defaultConfigurationIsVisible = 0;
			defaultConfigurationName = Release;
		};
		84CF9A2B17BEED5B00E1333C /* Build configuration list for PBXNativeTarget "MQTTitude" */ = {
			isa = XCConfigurationList;
			buildConfigurations = (
				84CF9A2C17BEED5B00E1333C /* Debug */,
				84CF9A2D17BEED5B00E1333C /* Release */,
			);
			defaultConfigurationIsVisible = 0;
			defaultConfigurationName = Release;
		};
/* End XCConfigurationList section */

/* Begin XCVersionGroup section */
		848468A717FD7A100012FC18 /* MQTTitude.xcdatamodeld */ = {
			isa = XCVersionGroup;
			children = (
				84CDE36A1810442100717359 /* MQTTitude 5.1.xcdatamodel */,
				841D891C184B9057009498E6 /* MQTTitude 5.3.xcdatamodel */,
				8451CB6C184CE28300DAD3F4 /* MQTTitude 5.3a.xcdatamodel */,
				8421367A1807F730000E8C24 /* MQTTitude 4.3.xcdatamodel */,
				848468A817FD7A100012FC18 /* MQTTitude.xcdatamodel */,
			);
			currentVersion = 8451CB6C184CE28300DAD3F4 /* MQTTitude 5.3a.xcdatamodel */;
			path = MQTTitude.xcdatamodeld;
			sourceTree = "<group>";
			versionGroupType = wrapper.xcdatamodel;
		};
/* End XCVersionGroup section */
	};
	rootObject = 84CF99FD17BEED5B00E1333C /* Project object */;
}
